{
  "projects": [
    {
      "projectId": "ohDidvG9XsCeFumugENU3J",
      "version": "4.6.0",
      "dependencies": {},
      "lang": "js",
      "fileLocks": [
        {
          "assetId": "ohDidvG9XsCeFumugENU3J",
          "checksum": "8f45a75070e2f0edc34a4dc3d5f6b736",
          "type": "globalContexts"
        },
        {
          "assetId": "ohDidvG9XsCeFumugENU3J",
          "type": "projectCss",
          "checksum": "fd83b730367fdbde2c69bc6cf31c2a3c"
        }
      ],
      "codegenVersion": "0.0.1"
    },
    {
      "projectId": "5BwtKaPW69DtLKD2yetQK2",
      "version": "latest",
      "dependencies": {
        "ohDidvG9XsCeFumugENU3J": "4.6.0",
        "hjKYmYi6HMwK6TRyk7ew5R": "6.20.0"
      },
      "lang": "js",
      "fileLocks": [
        {
          "type": "globalVariant",
          "assetId": "3KjbS4pF2gwlv5",
          "checksum": "e18aba589ae9dcdb090643ebb7b5779a"
        },
        {
          "assetId": "5BwtKaPW69DtLKD2yetQK2",
          "checksum": "8c2e99a62318896d5713b4a83ee66512",
          "type": "globalContexts"
        },
        {
          "type": "renderModule",
          "assetId": "2TXcBnVIfh",
          "checksum": "15e5b0868e46e56c8f446c8b367ddecb"
        },
        {
          "type": "cssRules",
          "assetId": "2TXcBnVIfh",
          "checksum": "15e5b0868e46e56c8f446c8b367ddecb"
        },
        {
          "type": "renderModule",
          "assetId": "Hei_5iCMTfR",
          "checksum": "e0259e7fc63377734d31badc129be622"
        },
        {
          "type": "cssRules",
          "assetId": "Hei_5iCMTfR",
          "checksum": "e0259e7fc63377734d31badc129be622"
        },
        {
          "type": "renderModule",
          "assetId": "kXiqqwWiZ1v",
          "checksum": "157eb1111f7e74fb2008ba6bc9e7b5ca"
        },
        {
          "type": "cssRules",
          "assetId": "kXiqqwWiZ1v",
          "checksum": "157eb1111f7e74fb2008ba6bc9e7b5ca"
        },
        {
          "type": "renderModule",
          "assetId": "9xxV7DVn-j",
          "checksum": "a1b1bd6750da3176da9c1ab10e20c8f0"
        },
        {
          "type": "cssRules",
          "assetId": "9xxV7DVn-j",
          "checksum": "a1b1bd6750da3176da9c1ab10e20c8f0"
        },
        {
          "type": "icon",
          "assetId": "bDZsY2ejrcT",
          "checksum": "85292de48a0cba93919a18bc34c51fd1"
        },
        {
          "type": "icon",
          "assetId": "EgOvhs2oNaP",
          "checksum": "3ff8c60b9687d5b8b4fa261e218bd92a"
        },
        {
          "type": "icon",
          "assetId": "AygpK1VWVH_",
          "checksum": "56b04f538351a3fd0bebf488766aad5d"
        },
        {
          "type": "renderModule",
          "assetId": "ttogx4DE1_",
          "checksum": "182ebc8018cef7c8221ab20acd415dc0"
        },
        {
          "type": "cssRules",
          "assetId": "ttogx4DE1_",
          "checksum": "182ebc8018cef7c8221ab20acd415dc0"
        },
        {
          "type": "renderModule",
          "assetId": "6ge1vqgUce",
          "checksum": "a44ff4daace0e49cfeafdc6a79af602b"
        },
        {
          "type": "cssRules",
          "assetId": "6ge1vqgUce",
          "checksum": "a44ff4daace0e49cfeafdc6a79af602b"
        },
        {
          "type": "renderModule",
          "assetId": "kUJxIvpnpi",
          "checksum": "31f06f55a6bf341781664b191121e97f"
        },
        {
          "type": "cssRules",
          "assetId": "kUJxIvpnpi",
          "checksum": "31f06f55a6bf341781664b191121e97f"
        },
        {
          "assetId": "5BwtKaPW69DtLKD2yetQK2",
          "type": "projectCss",
          "checksum": "bb4ce2dcdc838e4531c7ea5f16f6c04e"
        }
      ],
      "codegenVersion": "0.0.1"
    },
    {
      "projectId": "hjKYmYi6HMwK6TRyk7ew5R",
      "version": "6.20.0",
      "dependencies": {},
      "lang": "js",
      "fileLocks": [
        {
          "assetId": "hjKYmYi6HMwK6TRyk7ew5R",
          "type": "projectCss",
          "checksum": "e76cee85e96cb3fff580d5552a47cfe4"
        },
        {
          "assetId": "hjKYmYi6HMwK6TRyk7ew5R",
          "checksum": "812fdf26bc85a5e0d100a76859d3ee26",
          "type": "globalContexts"
        }
      ],
      "codegenVersion": "0.0.1"
    }
  ],
  "cliVersion": "0.1.293"
}
