{
  "projects": [
    {
      "projectId": "ohDidvG9XsCeFumugENU3J",
      "version": "4.6.0",
      "dependencies": {},
      "lang": "js",
      "fileLocks": [
        {
          "assetId": "ohDidvG9XsCeFumugENU3J",
          "checksum": "8f45a75070e2f0edc34a4dc3d5f6b736",
          "type": "globalContexts"
        },
        {
          "assetId": "ohDidvG9XsCeFumugENU3J",
          "type": "projectCss",
          "checksum": "fd83b730367fdbde2c69bc6cf31c2a3c"
        }
      ],
      "codegenVersion": "0.0.1"
    },
    {
      "projectId": "5BwtKaPW69DtLKD2yetQK2",
      "version": "latest",
      "dependencies": {
        "ohDidvG9XsCeFumugENU3J": "4.6.0",
        "hjKYmYi6HMwK6TRyk7ew5R": "6.20.0"
      },
      "lang": "js",
      "fileLocks": [
        {
          "type": "globalVariant",
          "assetId": "3KjbS4pF2gwlv5",
          "checksum": "e18aba589ae9dcdb090643ebb7b5779a"
        },
        {
          "assetId": "5BwtKaPW69DtLKD2yetQK2",
          "checksum": "8c2e99a62318896d5713b4a83ee66512",
          "type": "globalContexts"
        },
        {
          "type": "renderModule",
          "assetId": "2TXcBnVIfh",
          "checksum": "90b1b93a5cb4449444a750c59c708690"
        },
        {
          "type": "cssRules",
          "assetId": "2TXcBnVIfh",
          "checksum": "90b1b93a5cb4449444a750c59c708690"
        },
        {
          "type": "renderModule",
          "assetId": "Hei_5iCMTfR",
          "checksum": "90a4ca50381eaf5c3c7e716c1b7ac9f4"
        },
        {
          "type": "cssRules",
          "assetId": "Hei_5iCMTfR",
          "checksum": "90a4ca50381eaf5c3c7e716c1b7ac9f4"
        },
        {
          "type": "renderModule",
          "assetId": "kXiqqwWiZ1v",
          "checksum": "24be7b28f1b2e436773b899710423447"
        },
        {
          "type": "cssRules",
          "assetId": "kXiqqwWiZ1v",
          "checksum": "24be7b28f1b2e436773b899710423447"
        },
        {
          "type": "renderModule",
          "assetId": "9xxV7DVn-j",
          "checksum": "c6155dd606a47a88490c7c67c1c47a89"
        },
        {
          "type": "cssRules",
          "assetId": "9xxV7DVn-j",
          "checksum": "c6155dd606a47a88490c7c67c1c47a89"
        },
        {
          "type": "icon",
          "assetId": "bDZsY2ejrcT",
          "checksum": "85292de48a0cba93919a18bc34c51fd1"
        },
        {
          "type": "icon",
          "assetId": "EgOvhs2oNaP",
          "checksum": "3ff8c60b9687d5b8b4fa261e218bd92a"
        },
        {
          "type": "icon",
          "assetId": "AygpK1VWVH_",
          "checksum": "56b04f538351a3fd0bebf488766aad5d"
        },
        {
          "type": "renderModule",
          "assetId": "ttogx4DE1_",
          "checksum": "7b9729215a6dad57257773af58cf1ea3"
        },
        {
          "type": "cssRules",
          "assetId": "ttogx4DE1_",
          "checksum": "7b9729215a6dad57257773af58cf1ea3"
        },
        {
          "type": "renderModule",
          "assetId": "6ge1vqgUce",
          "checksum": "95f414f13e566eef6e3afb110996fead"
        },
        {
          "type": "cssRules",
          "assetId": "6ge1vqgUce",
          "checksum": "95f414f13e566eef6e3afb110996fead"
        },
        {
          "type": "renderModule",
          "assetId": "kUJxIvpnpi",
          "checksum": "7cc3ad359d11ebc43c3530a36374c5b3"
        },
        {
          "type": "cssRules",
          "assetId": "kUJxIvpnpi",
          "checksum": "7cc3ad359d11ebc43c3530a36374c5b3"
        },
        {
          "assetId": "5BwtKaPW69DtLKD2yetQK2",
          "type": "projectCss",
          "checksum": "bb4ce2dcdc838e4531c7ea5f16f6c04e"
        }
      ],
      "codegenVersion": "0.0.1"
    },
    {
      "projectId": "hjKYmYi6HMwK6TRyk7ew5R",
      "version": "6.20.0",
      "dependencies": {},
      "lang": "js",
      "fileLocks": [
        {
          "assetId": "hjKYmYi6HMwK6TRyk7ew5R",
          "type": "projectCss",
          "checksum": "e76cee85e96cb3fff580d5552a47cfe4"
        },
        {
          "assetId": "hjKYmYi6HMwK6TRyk7ew5R",
          "checksum": "812fdf26bc85a5e0d100a76859d3ee26",
          "type": "globalContexts"
        }
      ],
      "codegenVersion": "0.0.1"
    }
  ],
  "cliVersion": "0.1.293"
}
